
Microsoft Visual Studio Solution File, Format Version 12.00
# Visual Studio Version 17
VisualStudioVersion = 17.3.32505.426
MinimumVisualStudioVersion = 10.0.40219.1
Project("{FAE04EC0-301F-11D3-BF4B-00C04F79EFBC}") = "OutlookClone", "OutlookClone\OutlookClone.csproj", "{2944E70D-B9C1-4297-A623-ABC2D75AAEC9}"
EndProject
Global
	GlobalSection(SolutionConfigurationPlatforms) = preSolution
		Debug|Any CPU = Debug|Any CPU
		Release|Any CPU = Release|Any CPU
	EndGlobalSection
	GlobalSection(ProjectConfigurationPlatforms) = postSolution
		{2944E70D-B9C1-4297-A623-ABC2D75AAEC9}.Debug|Any CPU.ActiveCfg = Debug|Any CPU
		{2944E70D-B9C1-4297-A623-ABC2D75AAEC9}.Debug|Any CPU.Build.0 = Debug|Any CPU
		{2944E70D-B9C1-4297-A623-ABC2D75AAEC9}.Debug|Any CPU.Deploy.0 = Debug|Any CPU
		{2944E70D-B9C1-4297-A623-ABC2D75AAEC9}.Release|Any CPU.ActiveCfg = Release|Any CPU
		{2944E70D-B9C1-4297-A623-ABC2D75AAEC9}.Release|Any CPU.Build.0 = Release|Any CPU
		{2944E70D-B9C1-4297-A623-ABC2D75AAEC9}.Release|Any CPU.Deploy.0 = Release|Any CPU
	EndGlobalSection
	GlobalSection(SolutionProperties) = preSolution
		HideSolutionNode = FALSE
	EndGlobalSection
	GlobalSection(ExtensibilityGlobals) = postSolution
		SolutionGuid = {17A0698D-7FEF-41BF-86E7-74AAAE9C8032}
	EndGlobalSection
EndGlobal
